// !$*UTF8*$!
{
	archiveVersion = 1;
	classes = {
	};
	objectVersion = 46;
	objects = {

/* Begin PBXBuildFile section */
		3B8B234E9AD42F7C00246D93 /* libPods.a in Frameworks */ = {isa = PBXBuildFile; fileRef = A2BA07379EDE3556DB2F0336 /* libPods.a */; };
		5809FA5B1B14D422007FFB44 /* User.swift in Sources */ = {isa = PBXBuildFile; fileRef = 5809FA5A1B14D422007FFB44 /* User.swift */; };
		5809FA5D1B14D42C007FFB44 /* Tweet.swift in Sources */ = {isa = PBXBuildFile; fileRef = 5809FA5C1B14D42C007FFB44 /* Tweet.swift */; };
		583F8D2B1B0DB2E700AC3741 /* AppDelegate.swift in Sources */ = {isa = PBXBuildFile; fileRef = 583F8D2A1B0DB2E700AC3741 /* AppDelegate.swift */; };
		583F8D2D1B0DB2E700AC3741 /* LoginViewController.swift in Sources */ = {isa = PBXBuildFile; fileRef = 583F8D2C1B0DB2E700AC3741 /* LoginViewController.swift */; };
		583F8D301B0DB2E700AC3741 /* Main.storyboard in Resources */ = {isa = PBXBuildFile; fileRef = 583F8D2E1B0DB2E700AC3741 /* Main.storyboard */; };
		583F8D321B0DB2E700AC3741 /* Images.xcassets in Resources */ = {isa = PBXBuildFile; fileRef = 583F8D311B0DB2E700AC3741 /* Images.xcassets */; };
		583F8D351B0DB2E700AC3741 /* LaunchScreen.xib in Resources */ = {isa = PBXBuildFile; fileRef = 583F8D331B0DB2E700AC3741 /* LaunchScreen.xib */; };
		583F8D411B0DB2E700AC3741 /* TwitterTests.swift in Sources */ = {isa = PBXBuildFile; fileRef = 583F8D401B0DB2E700AC3741 /* TwitterTests.swift */; };
		583F8D4C1B0DB42900AC3741 /* TwitterClient.swift in Sources */ = {isa = PBXBuildFile; fileRef = 583F8D4B1B0DB42900AC3741 /* TwitterClient.swift */; };
		583F8D511B12B52C00AC3741 /* TwitterViewController.swift in Sources */ = {isa = PBXBuildFile; fileRef = 583F8D501B12B52C00AC3741 /* TwitterViewController.swift */; };
		583F8D541B12B67200AC3741 /* TweetCell.swift in Sources */ = {isa = PBXBuildFile; fileRef = 583F8D531B12B67200AC3741 /* TweetCell.swift */; };
		58EB74C51B1C34CB00C30C9D /* ProfileViewController.swift in Sources */ = {isa = PBXBuildFile; fileRef = 58EB74C41B1C34CB00C30C9D /* ProfileViewController.swift */; };
		58EB74C71B1C350F00C30C9D /* MentionsViewController.swift in Sources */ = {isa = PBXBuildFile; fileRef = 58EB74C61B1C350F00C30C9D /* MentionsViewController.swift */; };
		58EB74CB1B1C3C8C00C30C9D /* HomeViewController.swift in Sources */ = {isa = PBXBuildFile; fileRef = 58EB74CA1B1C3C8C00C30C9D /* HomeViewController.swift */; };
		58EB74CD1B1C3E5900C30C9D /* MenuCell.swift in Sources */ = {isa = PBXBuildFile; fileRef = 58EB74CC1B1C3E5900C30C9D /* MenuCell.swift */; };
/* End PBXBuildFile section */

/* Begin PBXContainerItemProxy section */
		583F8D3B1B0DB2E700AC3741 /* PBXContainerItemProxy */ = {
			isa = PBXContainerItemProxy;
			containerPortal = 583F8D1D1B0DB2E700AC3741 /* Project object */;
			proxyType = 1;
			remoteGlobalIDString = 583F8D241B0DB2E700AC3741;
			remoteInfo = Twitter;
		};
/* End PBXContainerItemProxy section */

/* Begin PBXFileReference section */
		2444CE075F041DC259C72B44 /* Pods.release.xcconfig */ = {isa = PBXFileReference; includeInIndex = 1; lastKnownFileType = text.xcconfig; name = Pods.release.xcconfig; path = "Pods/Target Support Files/Pods/Pods.release.xcconfig"; sourceTree = "<group>"; };
		5809FA5A1B14D422007FFB44 /* User.swift */ = {isa = PBXFileReference; fileEncoding = 4; lastKnownFileType = sourcecode.swift; path = User.swift; sourceTree = "<group>"; };
		5809FA5C1B14D42C007FFB44 /* Tweet.swift */ = {isa = PBXFileReference; fileEncoding = 4; lastKnownFileType = sourcecode.swift; path = Tweet.swift; sourceTree = "<group>"; };
		583F8D251B0DB2E700AC3741 /* Twitter.app */ = {isa = PBXFileReference; explicitFileType = wrapper.application; includeInIndex = 0; path = Twitter.app; sourceTree = BUILT_PRODUCTS_DIR; };
		583F8D291B0DB2E700AC3741 /* Info.plist */ = {isa = PBXFileReference; lastKnownFileType = text.plist.xml; path = Info.plist; sourceTree = "<group>"; };
		583F8D2A1B0DB2E700AC3741 /* AppDelegate.swift */ = {isa = PBXFileReference; lastKnownFileType = sourcecode.swift; path = AppDelegate.swift; sourceTree = "<group>"; };
		583F8D2C1B0DB2E700AC3741 /* LoginViewController.swift */ = {isa = PBXFileReference; lastKnownFileType = sourcecode.swift; path = LoginViewController.swift; sourceTree = "<group>"; };
		583F8D2F1B0DB2E700AC3741 /* Base */ = {isa = PBXFileReference; lastKnownFileType = file.storyboard; name = Base; path = Base.lproj/Main.storyboard; sourceTree = "<group>"; };
		583F8D311B0DB2E700AC3741 /* Images.xcassets */ = {isa = PBXFileReference; lastKnownFileType = folder.assetcatalog; path = Images.xcassets; sourceTree = "<group>"; };
		583F8D341B0DB2E700AC3741 /* Base */ = {isa = PBXFileReference; lastKnownFileType = file.xib; name = Base; path = Base.lproj/LaunchScreen.xib; sourceTree = "<group>"; };
		583F8D3A1B0DB2E700AC3741 /* TwitterTests.xctest */ = {isa = PBXFileReference; explicitFileType = wrapper.cfbundle; includeInIndex = 0; path = TwitterTests.xctest; sourceTree = BUILT_PRODUCTS_DIR; };
		583F8D3F1B0DB2E700AC3741 /* Info.plist */ = {isa = PBXFileReference; lastKnownFileType = text.plist.xml; path = Info.plist; sourceTree = "<group>"; };
		583F8D401B0DB2E700AC3741 /* TwitterTests.swift */ = {isa = PBXFileReference; lastKnownFileType = sourcecode.swift; path = TwitterTests.swift; sourceTree = "<group>"; };
		583F8D4A1B0DB3BB00AC3741 /* Twitter-Bridging-Header.h */ = {isa = PBXFileReference; lastKnownFileType = sourcecode.c.h; path = "Twitter-Bridging-Header.h"; sourceTree = "<group>"; };
		583F8D4B1B0DB42900AC3741 /* TwitterClient.swift */ = {isa = PBXFileReference; fileEncoding = 4; lastKnownFileType = sourcecode.swift; path = TwitterClient.swift; sourceTree = "<group>"; };
		583F8D501B12B52C00AC3741 /* TwitterViewController.swift */ = {isa = PBXFileReference; fileEncoding = 4; lastKnownFileType = sourcecode.swift; path = TwitterViewController.swift; sourceTree = "<group>"; };
		583F8D531B12B67200AC3741 /* TweetCell.swift */ = {isa = PBXFileReference; fileEncoding = 4; lastKnownFileType = sourcecode.swift; path = TweetCell.swift; sourceTree = "<group>"; };
		58EB74C41B1C34CB00C30C9D /* ProfileViewController.swift */ = {isa = PBXFileReference; fileEncoding = 4; lastKnownFileType = sourcecode.swift; path = ProfileViewController.swift; sourceTree = "<group>"; };
		58EB74C61B1C350F00C30C9D /* MentionsViewController.swift */ = {isa = PBXFileReference; fileEncoding = 4; lastKnownFileType = sourcecode.swift; path = MentionsViewController.swift; sourceTree = "<group>"; };
		58EB74CA1B1C3C8C00C30C9D /* HomeViewController.swift */ = {isa = PBXFileReference; fileEncoding = 4; lastKnownFileType = sourcecode.swift; path = HomeViewController.swift; sourceTree = "<group>"; };
		58EB74CC1B1C3E5900C30C9D /* MenuCell.swift */ = {isa = PBXFileReference; fileEncoding = 4; lastKnownFileType = sourcecode.swift; path = MenuCell.swift; sourceTree = "<group>"; };
		90A4EC22FD626FDFCBA32DD3 /* Pods.debug.xcconfig */ = {isa = PBXFileReference; includeInIndex = 1; lastKnownFileType = text.xcconfig; name = Pods.debug.xcconfig; path = "Pods/Target Support Files/Pods/Pods.debug.xcconfig"; sourceTree = "<group>"; };
		A2BA07379EDE3556DB2F0336 /* libPods.a */ = {isa = PBXFileReference; explicitFileType = archive.ar; includeInIndex = 0; path = libPods.a; sourceTree = BUILT_PRODUCTS_DIR; };
/* End PBXFileReference section */

/* Begin PBXFrameworksBuildPhase section */
		583F8D221B0DB2E700AC3741 /* Frameworks */ = {
			isa = PBXFrameworksBuildPhase;
			buildActionMask = 2147483647;
			files = (
				3B8B234E9AD42F7C00246D93 /* libPods.a in Frameworks */,
			);
			runOnlyForDeploymentPostprocessing = 0;
		};
		583F8D371B0DB2E700AC3741 /* Frameworks */ = {
			isa = PBXFrameworksBuildPhase;
			buildActionMask = 2147483647;
			files = (
			);
			runOnlyForDeploymentPostprocessing = 0;
		};
/* End PBXFrameworksBuildPhase section */

/* Begin PBXGroup section */
		5809FA591B14D40E007FFB44 /* Models */ = {
			isa = PBXGroup;
			children = (
				5809FA5A1B14D422007FFB44 /* User.swift */,
				5809FA5C1B14D42C007FFB44 /* Tweet.swift */,
			);
			name = Models;
			sourceTree = "<group>";
		};
		583F8D1C1B0DB2E700AC3741 = {
			isa = PBXGroup;
			children = (
				583F8D271B0DB2E700AC3741 /* Twitter */,
				583F8D3D1B0DB2E700AC3741 /* TwitterTests */,
				583F8D261B0DB2E700AC3741 /* Products */,
				BCED042F2CC4AB13D929C7ED /* Pods */,
				F98E58CF12FDB3EB8C51AEAF /* Frameworks */,
			);
			sourceTree = "<group>";
		};
		583F8D261B0DB2E700AC3741 /* Products */ = {
			isa = PBXGroup;
			children = (
				583F8D251B0DB2E700AC3741 /* Twitter.app */,
				583F8D3A1B0DB2E700AC3741 /* TwitterTests.xctest */,
			);
			name = Products;
			sourceTree = "<group>";
		};
		583F8D271B0DB2E700AC3741 /* Twitter */ = {
			isa = PBXGroup;
			children = (
				5809FA591B14D40E007FFB44 /* Models */,
				583F8D521B12B65000AC3741 /* Views */,
				583F8D4F1B12B4F400AC3741 /* Controllers */,
				583F8D4D1B0DB48C00AC3741 /* API */,
				583F8D2A1B0DB2E700AC3741 /* AppDelegate.swift */,
				583F8D2E1B0DB2E700AC3741 /* Main.storyboard */,
				583F8D311B0DB2E700AC3741 /* Images.xcassets */,
				583F8D331B0DB2E700AC3741 /* LaunchScreen.xib */,
				583F8D281B0DB2E700AC3741 /* Supporting Files */,
				583F8D4A1B0DB3BB00AC3741 /* Twitter-Bridging-Header.h */,
			);
			path = Twitter;
			sourceTree = "<group>";
		};
		583F8D281B0DB2E700AC3741 /* Supporting Files */ = {
			isa = PBXGroup;
			children = (
				583F8D291B0DB2E700AC3741 /* Info.plist */,
			);
			name = "Supporting Files";
			sourceTree = "<group>";
		};
		583F8D3D1B0DB2E700AC3741 /* TwitterTests */ = {
			isa = PBXGroup;
			children = (
				583F8D401B0DB2E700AC3741 /* TwitterTests.swift */,
				583F8D3E1B0DB2E700AC3741 /* Supporting Files */,
			);
			path = TwitterTests;
			sourceTree = "<group>";
		};
		583F8D3E1B0DB2E700AC3741 /* Supporting Files */ = {
			isa = PBXGroup;
			children = (
				583F8D3F1B0DB2E700AC3741 /* Info.plist */,
			);
			name = "Supporting Files";
			sourceTree = "<group>";
		};
		583F8D4D1B0DB48C00AC3741 /* API */ = {
			isa = PBXGroup;
			children = (
				583F8D4B1B0DB42900AC3741 /* TwitterClient.swift */,
			);
			name = API;
			sourceTree = "<group>";
		};
		583F8D4F1B12B4F400AC3741 /* Controllers */ = {
			isa = PBXGroup;
			children = (
				583F8D2C1B0DB2E700AC3741 /* LoginViewController.swift */,
				583F8D501B12B52C00AC3741 /* TwitterViewController.swift */,
				58EB74C41B1C34CB00C30C9D /* ProfileViewController.swift */,
				58EB74C61B1C350F00C30C9D /* MentionsViewController.swift */,
				58EB74CA1B1C3C8C00C30C9D /* HomeViewController.swift */,
			);
			name = Controllers;
			sourceTree = "<group>";
		};
		583F8D521B12B65000AC3741 /* Views */ = {
			isa = PBXGroup;
			children = (
				583F8D531B12B67200AC3741 /* TweetCell.swift */,
				58EB74CC1B1C3E5900C30C9D /* MenuCell.swift */,
			);
			name = Views;
			sourceTree = "<group>";
		};
		BCED042F2CC4AB13D929C7ED /* Pods */ = {
			isa = PBXGroup;
			children = (
				90A4EC22FD626FDFCBA32DD3 /* Pods.debug.xcconfig */,
				2444CE075F041DC259C72B44 /* Pods.release.xcconfig */,
			);
			name = Pods;
			sourceTree = "<group>";
		};
		F98E58CF12FDB3EB8C51AEAF /* Frameworks */ = {
			isa = PBXGroup;
			children = (
				A2BA07379EDE3556DB2F0336 /* libPods.a */,
			);
			name = Frameworks;
			sourceTree = "<group>";
		};
/* End PBXGroup section */

/* Begin PBXNativeTarget section */
		583F8D241B0DB2E700AC3741 /* Twitter */ = {
			isa = PBXNativeTarget;
			buildConfigurationList = 583F8D441B0DB2E700AC3741 /* Build configuration list for PBXNativeTarget "Twitter" */;
			buildPhases = (
				A058A8E9768B8550CC5396F4 /* Check Pods Manifest.lock */,
				583F8D211B0DB2E700AC3741 /* Sources */,
				583F8D221B0DB2E700AC3741 /* Frameworks */,
				583F8D231B0DB2E700AC3741 /* Resources */,
				9D520104C9DB2FC5D1ED9354 /* Copy Pods Resources */,
			);
			buildRules = (
			);
			dependencies = (
			);
			name = Twitter;
			productName = Twitter;
			productReference = 583F8D251B0DB2E700AC3741 /* Twitter.app */;
			productType = "com.apple.product-type.application";
		};
		583F8D391B0DB2E700AC3741 /* TwitterTests */ = {
			isa = PBXNativeTarget;
			buildConfigurationList = 583F8D471B0DB2E700AC3741 /* Build configuration list for PBXNativeTarget "TwitterTests" */;
			buildPhases = (
				583F8D361B0DB2E700AC3741 /* Sources */,
				583F8D371B0DB2E700AC3741 /* Frameworks */,
				583F8D381B0DB2E700AC3741 /* Resources */,
			);
			buildRules = (
			);
			dependencies = (
				583F8D3C1B0DB2E700AC3741 /* PBXTargetDependency */,
			);
			name = TwitterTests;
			productName = TwitterTests;
			productReference = 583F8D3A1B0DB2E700AC3741 /* TwitterTests.xctest */;
			productType = "com.apple.product-type.bundle.unit-test";
		};
/* End PBXNativeTarget section */

/* Begin PBXProject section */
		583F8D1D1B0DB2E700AC3741 /* Project object */ = {
			isa = PBXProject;
			attributes = {
				LastUpgradeCheck = 0630;
				ORGANIZATIONNAME = cnc224;
				TargetAttributes = {
					583F8D241B0DB2E700AC3741 = {
						CreatedOnToolsVersion = 6.3.1;
					};
					583F8D391B0DB2E700AC3741 = {
						CreatedOnToolsVersion = 6.3.1;
						TestTargetID = 583F8D241B0DB2E700AC3741;
					};
				};
			};
			buildConfigurationList = 583F8D201B0DB2E700AC3741 /* Build configuration list for PBXProject "Twitter" */;
			compatibilityVersion = "Xcode 3.2";
			developmentRegion = English;
			hasScannedForEncodings = 0;
			knownRegions = (
				en,
				Base,
			);
			mainGroup = 583F8D1C1B0DB2E700AC3741;
			productRefGroup = 583F8D261B0DB2E700AC3741 /* Products */;
			projectDirPath = "";
			projectRoot = "";
			targets = (
				583F8D241B0DB2E700AC3741 /* Twitter */,
				583F8D391B0DB2E700AC3741 /* TwitterTests */,
			);
		};
/* End PBXProject section */

/* Begin PBXResourcesBuildPhase section */
		583F8D231B0DB2E700AC3741 /* Resources */ = {
			isa = PBXResourcesBuildPhase;
			buildActionMask = 2147483647;
			files = (
				583F8D301B0DB2E700AC3741 /* Main.storyboard in Resources */,
				583F8D351B0DB2E700AC3741 /* LaunchScreen.xib in Resources */,
				583F8D321B0DB2E700AC3741 /* Images.xcassets in Resources */,
			);
			runOnlyForDeploymentPostprocessing = 0;
		};
		583F8D381B0DB2E700AC3741 /* Resources */ = {
			isa = PBXResourcesBuildPhase;
			buildActionMask = 2147483647;
			files = (
			);
			runOnlyForDeploymentPostprocessing = 0;
		};
/* End PBXResourcesBuildPhase section */

/* Begin PBXShellScriptBuildPhase section */
		9D520104C9DB2FC5D1ED9354 /* Copy Pods Resources */ = {
			isa = PBXShellScriptBuildPhase;
			buildActionMask = 2147483647;
			files = (
			);
			inputPaths = (
			);
			name = "Copy Pods Resources";
			outputPaths = (
			);
			runOnlyForDeploymentPostprocessing = 0;
			shellPath = /bin/sh;
			shellScript = "\"${SRCROOT}/Pods/Target Support Files/Pods/Pods-resources.sh\"\n";
			showEnvVarsInLog = 0;
		};
		A058A8E9768B8550CC5396F4 /* Check Pods Manifest.lock */ = {
			isa = PBXShellScriptBuildPhase;
			buildActionMask = 2147483647;
			files = (
			);
			inputPaths = (
			);
			name = "Check Pods Manifest.lock";
			outputPaths = (
			);
			runOnlyForDeploymentPostprocessing = 0;
			shellPath = /bin/sh;
			shellScript = "diff \"${PODS_ROOT}/../Podfile.lock\" \"${PODS_ROOT}/Manifest.lock\" > /dev/null\nif [[ $? != 0 ]] ; then\n    cat << EOM\nerror: The sandbox is not in sync with the Podfile.lock. Run 'pod install' or update your CocoaPods installation.\nEOM\n    exit 1\nfi\n";
			showEnvVarsInLog = 0;
		};
/* End PBXShellScriptBuildPhase section */

/* Begin PBXSourcesBuildPhase section */
		583F8D211B0DB2E700AC3741 /* Sources */ = {
			isa = PBXSourcesBuildPhase;
			buildActionMask = 2147483647;
			files = (
				583F8D511B12B52C00AC3741 /* TwitterViewController.swift in Sources */,
				583F8D2D1B0DB2E700AC3741 /* LoginViewController.swift in Sources */,
				58EB74C71B1C350F00C30C9D /* MentionsViewController.swift in Sources */,
				583F8D4C1B0DB42900AC3741 /* TwitterClient.swift in Sources */,
				583F8D2B1B0DB2E700AC3741 /* AppDelegate.swift in Sources */,
				58EB74CD1B1C3E5900C30C9D /* MenuCell.swift in Sources */,
				58EB74CB1B1C3C8C00C30C9D /* HomeViewController.swift in Sources */,
				583F8D541B12B67200AC3741 /* TweetCell.swift in Sources */,
				58EB74C51B1C34CB00C30C9D /* ProfileViewController.swift in Sources */,
				5809FA5B1B14D422007FFB44 /* User.swift in Sources */,
				5809FA5D1B14D42C007FFB44 /* Tweet.swift in Sources */,
			);
			runOnlyForDeploymentPostprocessing = 0;
		};
		583F8D361B0DB2E700AC3741 /* Sources */ = {
			isa = PBXSourcesBuildPhase;
			buildActionMask = 2147483647;
			files = (
				583F8D411B0DB2E700AC3741 /* TwitterTests.swift in Sources */,
			);
			runOnlyForDeploymentPostprocessing = 0;
		};
/* End PBXSourcesBuildPhase section */

/* Begin PBXTargetDependency section */
		583F8D3C1B0DB2E700AC3741 /* PBXTargetDependency */ = {
			isa = PBXTargetDependency;
			target = 583F8D241B0DB2E700AC3741 /* Twitter */;
			targetProxy = 583F8D3B1B0DB2E700AC3741 /* PBXContainerItemProxy */;
		};
/* End PBXTargetDependency section */

/* Begin PBXVariantGroup section */
		583F8D2E1B0DB2E700AC3741 /* Main.storyboard */ = {
			isa = PBXVariantGroup;
			children = (
				583F8D2F1B0DB2E700AC3741 /* Base */,
			);
			name = Main.storyboard;
			sourceTree = "<group>";
		};
		583F8D331B0DB2E700AC3741 /* LaunchScreen.xib */ = {
			isa = PBXVariantGroup;
			children = (
				583F8D341B0DB2E700AC3741 /* Base */,
			);
			name = LaunchScreen.xib;
			sourceTree = "<group>";
		};
/* End PBXVariantGroup section */

/* Begin XCBuildConfiguration section */
		583F8D421B0DB2E700AC3741 /* Debug */ = {
			isa = XCBuildConfiguration;
			buildSettings = {
				ALWAYS_SEARCH_USER_PATHS = NO;
				CLANG_CXX_LANGUAGE_STANDARD = "gnu++0x";
				CLANG_CXX_LIBRARY = "libc++";
				CLANG_ENABLE_MODULES = YES;
				CLANG_ENABLE_OBJC_ARC = YES;
				CLANG_WARN_BOOL_CONVERSION = YES;
				CLANG_WARN_CONSTANT_CONVERSION = YES;
				CLANG_WARN_DIRECT_OBJC_ISA_USAGE = YES_ERROR;
				CLANG_WARN_EMPTY_BODY = YES;
				CLANG_WARN_ENUM_CONVERSION = YES;
				CLANG_WARN_INT_CONVERSION = YES;
				CLANG_WARN_OBJC_ROOT_CLASS = YES_ERROR;
				CLANG_WARN_UNREACHABLE_CODE = YES;
				CLANG_WARN__DUPLICATE_METHOD_MATCH = YES;
				"CODE_SIGN_IDENTITY[sdk=iphoneos*]" = "iPhone Developer";
				COPY_PHASE_STRIP = NO;
				DEBUG_INFORMATION_FORMAT = "dwarf-with-dsym";
				ENABLE_STRICT_OBJC_MSGSEND = YES;
				GCC_C_LANGUAGE_STANDARD = gnu99;
				GCC_DYNAMIC_NO_PIC = NO;
				GCC_NO_COMMON_BLOCKS = YES;
				GCC_OPTIMIZATION_LEVEL = 0;
				GCC_PREPROCESSOR_DEFINITIONS = (
					"DEBUG=1",
					"$(inherited)",
				);
				GCC_SYMBOLS_PRIVATE_EXTERN = NO;
				GCC_WARN_64_TO_32_BIT_CONVERSION = YES;
				GCC_WARN_ABOUT_RETURN_TYPE = YES_ERROR;
				GCC_WARN_UNDECLARED_SELECTOR = YES;
				GCC_WARN_UNINITIALIZED_AUTOS = YES_AGGRESSIVE;
				GCC_WARN_UNUSED_FUNCTION = YES;
				GCC_WARN_UNUSED_VARIABLE = YES;
				IPHONEOS_DEPLOYMENT_TARGET = 8.3;
				MTL_ENABLE_DEBUG_INFO = YES;
				ONLY_ACTIVE_ARCH = YES;
				SDKROOT = iphoneos;
				SWIFT_OPTIMIZATION_LEVEL = "-Onone";
				TARGETED_DEVICE_FAMILY = "1,2";
			};
			name = Debug;
		};
		583F8D431B0DB2E700AC3741 /* Release */ = {
			isa = XCBuildConfiguration;
			buildSettings = {
				ALWAYS_SEARCH_USER_PATHS = NO;
				CLANG_CXX_LANGUAGE_STANDARD = "gnu++0x";
				CLANG_CXX_LIBRARY = "libc++";
				CLANG_ENABLE_MODULES = YES;
				CLANG_ENABLE_OBJC_ARC = YES;
				CLANG_WARN_BOOL_CONVERSION = YES;
				CLANG_WARN_CONSTANT_CONVERSION = YES;
				CLANG_WARN_DIRECT_OBJC_ISA_USAGE = YES_ERROR;
				CLANG_WARN_EMPTY_BODY = YES;
				CLANG_WARN_ENUM_CONVERSION = YES;
				CLANG_WARN_INT_CONVERSION = YES;
				CLANG_WARN_OBJC_ROOT_CLASS = YES_ERROR;
				CLANG_WARN_UNREACHABLE_CODE = YES;
				CLANG_WARN__DUPLICATE_METHOD_MATCH = YES;
				"CODE_SIGN_IDENTITY[sdk=iphoneos*]" = "iPhone Developer";
				COPY_PHASE_STRIP = NO;
				DEBUG_INFORMATION_FORMAT = "dwarf-with-dsym";
				ENABLE_NS_ASSERTIONS = NO;
				ENABLE_STRICT_OBJC_MSGSEND = YES;
				GCC_C_LANGUAGE_STANDARD = gnu99;
				GCC_NO_COMMON_BLOCKS = YES;
				GCC_WARN_64_TO_32_BIT_CONVERSION = YES;
				GCC_WARN_ABOUT_RETURN_TYPE = YES_ERROR;
				GCC_WARN_UNDECLARED_SELECTOR = YES;
				GCC_WARN_UNINITIALIZED_AUTOS = YES_AGGRESSIVE;
				GCC_WARN_UNUSED_FUNCTION = YES;
				GCC_WARN_UNUSED_VARIABLE = YES;
				IPHONEOS_DEPLOYMENT_TARGET = 8.3;
				MTL_ENABLE_DEBUG_INFO = NO;
				SDKROOT = iphoneos;
				TARGETED_DEVICE_FAMILY = "1,2";
				VALIDATE_PRODUCT = YES;
			};
			name = Release;
		};
		583F8D451B0DB2E700AC3741 /* Debug */ = {
			isa = XCBuildConfiguration;
			baseConfigurationReference = 90A4EC22FD626FDFCBA32DD3 /* Pods.debug.xcconfig */;
			buildSettings = {
				ASSETCATALOG_COMPILER_APPICON_NAME = AppIcon;
				CODE_SIGN_IDENTITY = "";
				INFOPLIST_FILE = Twitter/Info.plist;
				IPHONEOS_DEPLOYMENT_TARGET = 7.0;
				LD_RUNPATH_SEARCH_PATHS = "$(inherited) @executable_path/Frameworks";
				PRODUCT_NAME = "$(TARGET_NAME)";
				SWIFT_OBJC_BRIDGING_HEADER = "Twitter/Twitter-Bridging-Header.h";
			};
			name = Debug;
		};
		583F8D461B0DB2E700AC3741 /* Release */ = {
			isa = XCBuildConfiguration;
			baseConfigurationReference = 2444CE075F041DC259C72B44 /* Pods.release.xcconfig */;
			buildSettings = {
				ASSETCATALOG_COMPILER_APPICON_NAME = AppIcon;
				CODE_SIGN_IDENTITY = "";
				INFOPLIST_FILE = Twitter/Info.plist;
				IPHONEOS_DEPLOYMENT_TARGET = 7.0;
				LD_RUNPATH_SEARCH_PATHS = "$(inherited) @executable_path/Frameworks";
				PRODUCT_NAME = "$(TARGET_NAME)";
				SWIFT_OBJC_BRIDGING_HEADER = "Twitter/Twitter-Bridging-Header.h";
			};
			name = Release;
		};
		583F8D481B0DB2E700AC3741 /* Debug */ = {
			isa = XCBuildConfiguration;
			buildSettings = {
				BUNDLE_LOADER = "$(TEST_HOST)";
				FRAMEWORK_SEARCH_PATHS = (
					"$(SDKROOT)/Developer/Library/Frameworks",
					"$(inherited)",
				);
				GCC_PREPROCESSOR_DEFINITIONS = (
					"DEBUG=1",
					"$(inherited)",
				);
				INFOPLIST_FILE = TwitterTests/Info.plist;
				LD_RUNPATH_SEARCH_PATHS = "$(inherited) @executable_path/Frameworks @loader_path/Frameworks";
				PRODUCT_NAME = "$(TARGET_NAME)";
				TEST_HOST = "$(BUILT_PRODUCTS_DIR)/Twitter.app/Twitter";
			};
			name = Debug;
		};
		583F8D491B0DB2E700AC3741 /* Release */ = {
			isa = XCBuildConfiguration;
			buildSettings = {
				BUNDLE_LOADER = "$(TEST_HOST)";
				FRAMEWORK_SEARCH_PATHS = (
					"$(SDKROOT)/Developer/Library/Frameworks",
					"$(inherited)",
				);
				INFOPLIST_FILE = TwitterTests/Info.plist;
				LD_RUNPATH_SEARCH_PATHS = "$(inherited) @executable_path/Frameworks @loader_path/Frameworks";
				PRODUCT_NAME = "$(TARGET_NAME)";
				TEST_HOST = "$(BUILT_PRODUCTS_DIR)/Twitter.app/Twitter";
			};
			name = Release;
		};
/* End XCBuildConfiguration section */

/* Begin XCConfigurationList section */
		583F8D201B0DB2E700AC3741 /* Build configuration list for PBXProject "Twitter" */ = {
			isa = XCConfigurationList;
			buildConfigurations = (
				583F8D421B0DB2E700AC3741 /* Debug */,
				583F8D431B0DB2E700AC3741 /* Release */,
			);
			defaultConfigurationIsVisible = 0;
			defaultConfigurationName = Release;
		};
		583F8D441B0DB2E700AC3741 /* Build configuration list for PBXNativeTarget "Twitter" */ = {
			isa = XCConfigurationList;
			buildConfigurations = (
				583F8D451B0DB2E700AC3741 /* Debug */,
				583F8D461B0DB2E700AC3741 /* Release */,
			);
			defaultConfigurationIsVisible = 0;
			defaultConfigurationName = Release;
		};
		583F8D471B0DB2E700AC3741 /* Build configuration list for PBXNativeTarget "TwitterTests" */ = {
			isa = XCConfigurationList;
			buildConfigurations = (
				583F8D481B0DB2E700AC3741 /* Debug */,
				583F8D491B0DB2E700AC3741 /* Release */,
			);
			defaultConfigurationIsVisible = 0;
			defaultConfigurationName = Release;
		};
/* End XCConfigurationList section */
	};
	rootObject = 583F8D1D1B0DB2E700AC3741 /* Project object */;
}
